
Microsoft Visual Studio Solution File, Format Version 12.00
# Visual Studio 15
VisualStudioVersion = 15.0.27428.2015
MinimumVisualStudioVersion = 10.0.40219.1
Project("{A07B5EB6-E848-4116-A8D0-A826331D98C6}") = "ITG.Brix.Teams", "ITG.Brix.Teams\ITG.Brix.Teams.sfproj", "{6CE2C48C-E08C-4E66-989C-53FA8162CA75}"
EndProject
Project("{9A19103F-16F7-4668-BE54-9A1E7A4F7556}") = "ITG.Brix.Teams.API", "ITG.Brix.Teams.API\ITG.Brix.Teams.API.csproj", "{01DD872D-6F7E-4FB1-9F66-F4514F62CC79}"
EndProject
Project("{9A19103F-16F7-4668-BE54-9A1E7A4F7556}") = "ITG.Brix.Teams.Application", "ITG.Brix.Teams.Application\ITG.Brix.Teams.Application.csproj", "{F9EBF502-C6C6-4793-9F48-6D1DCEF08174}"
EndProject
Project("{2150E333-8FDC-42A3-9474-1A3956D46DE8}") = "test", "test", "{4FF8CCD3-2DC3-4F53-B467-F63B7712B040}"
EndProject
Project("{9A19103F-16F7-4668-BE54-9A1E7A4F7556}") = "ITG.Brix.Teams.UnitTests.API", "ITG.Brix.Teams.UnitTests.API\ITG.Brix.Teams.UnitTests.API.csproj", "{9D19CA0B-B608-4741-A2A8-FCBCFE1C04BC}"
EndProject
Project("{9A19103F-16F7-4668-BE54-9A1E7A4F7556}") = "ITG.Brix.Teams.Domain", "ITG.Brix.Teams.Domain\ITG.Brix.Teams.Domain.csproj", "{E23C9101-A28E-4635-9F2E-22AE32694B12}"
EndProject
Project("{9A19103F-16F7-4668-BE54-9A1E7A4F7556}") = "ITG.Brix.Teams.Infrastructure", "ITG.Brix.Teams.Infrastructure\ITG.Brix.Teams.Infrastructure.csproj", "{4A86E67C-FE0B-4BAA-AF8C-A2F375BFAA6C}"
EndProject
Project("{9A19103F-16F7-4668-BE54-9A1E7A4F7556}") = "ITG.Brix.Teams.UnitTests.Domain", "ITG.Brix.Teams.UnitTests.Domain\ITG.Brix.Teams.UnitTests.Domain.csproj", "{27B89351-EAB7-4395-B548-104F2448358C}"
EndProject
Project("{9A19103F-16F7-4668-BE54-9A1E7A4F7556}") = "ITG.Brix.Teams.UnitTests.Application", "ITG.Brix.Teams.UnitTests.Application\ITG.Brix.Teams.UnitTests.Application.csproj", "{66170F57-E607-48DC-9CD0-99E85240561F}"
EndProject
Project("{9A19103F-16F7-4668-BE54-9A1E7A4F7556}") = "ITG.Brix.Teams.UnitTests.Infrastructure", "ITG.Brix.Teams.UnitTests.Infrastructure\ITG.Brix.Teams.UnitTests.Infrastructure.csproj", "{6D2D054D-5805-4C02-95BE-C6D6BA8C36F5}"
EndProject
Project("{9A19103F-16F7-4668-BE54-9A1E7A4F7556}") = "ITG.Brix.Teams.IntegrationTests", "ITG.Brix.Teams.IntegrationTests\ITG.Brix.Teams.IntegrationTests.csproj", "{4A3C1A1E-31DC-481D-B182-4327C35F7729}"
EndProject
Project("{9A19103F-16F7-4668-BE54-9A1E7A4F7556}") = "ITG.Brix.Teams.DependencyResolver", "ITG.Brix.Teams.DependencyResolver\ITG.Brix.Teams.DependencyResolver.csproj", "{F4EF4B7C-1651-43F1-872D-D0B072102E08}"
EndProject
Project("{9A19103F-16F7-4668-BE54-9A1E7A4F7556}") = "ITG.Brix.Teams.IntegrationTests.Infrastructure", "ITG.Brix.Teams.IntegrationTests.Infrastructure\ITG.Brix.Teams.IntegrationTests.Infrastructure.csproj", "{73C6B61D-6AA3-496C-AFEA-5683E403B045}"
EndProject
Project("{9A19103F-16F7-4668-BE54-9A1E7A4F7556}") = "ITG.Brix.Communication", "ITG.Brix.Communication\ITG.Brix.Communication.csproj", "{4473D9BC-DC99-4942-9FE9-1F016F088A31}"
EndProject
Project("{9A19103F-16F7-4668-BE54-9A1E7A4F7556}") = "ITG.Brix.Teams.API.Context", "ITG.Brix.Teams.API.Context\ITG.Brix.Teams.API.Context.csproj", "{2AE6C048-80A8-4D72-AB73-ACD90E0A742B}"
EndProject
Project("{9A19103F-16F7-4668-BE54-9A1E7A4F7556}") = "ITG.Brix.Teams.UnitTests.API.Context", "ITG.Brix.Teams.UnitTests.API.Context\ITG.Brix.Teams.UnitTests.API.Context.csproj", "{15D6D499-696F-46CC-A288-05834910D856}"
EndProject
Project("{FAE04EC0-301F-11D3-BF4B-00C04F79EFBC}") = "ITG.Brix.Teams.IntegrationTests.Application", "ITG.Brix.Teams.IntegrationTests.Application\ITG.Brix.Teams.IntegrationTests.Application.csproj", "{6DD4A646-6283-4A00-B912-464275671232}"
EndProject
Global
	GlobalSection(SolutionConfigurationPlatforms) = preSolution
		Debug|Any CPU = Debug|Any CPU
		Debug|x64 = Debug|x64
		Release|Any CPU = Release|Any CPU
		Release|x64 = Release|x64
	EndGlobalSection
	GlobalSection(ProjectConfigurationPlatforms) = postSolution
		{6CE2C48C-E08C-4E66-989C-53FA8162CA75}.Debug|Any CPU.ActiveCfg = Debug|x64
		{6CE2C48C-E08C-4E66-989C-53FA8162CA75}.Debug|x64.ActiveCfg = Debug|x64
		{6CE2C48C-E08C-4E66-989C-53FA8162CA75}.Debug|x64.Build.0 = Debug|x64
		{6CE2C48C-E08C-4E66-989C-53FA8162CA75}.Debug|x64.Deploy.0 = Debug|x64
		{6CE2C48C-E08C-4E66-989C-53FA8162CA75}.Release|Any CPU.ActiveCfg = Release|x64
		{6CE2C48C-E08C-4E66-989C-53FA8162CA75}.Release|x64.ActiveCfg = Release|x64
		{6CE2C48C-E08C-4E66-989C-53FA8162CA75}.Release|x64.Build.0 = Release|x64
		{6CE2C48C-E08C-4E66-989C-53FA8162CA75}.Release|x64.Deploy.0 = Release|x64
		{01DD872D-6F7E-4FB1-9F66-F4514F62CC79}.Debug|Any CPU.ActiveCfg = Debug|Any CPU
		{01DD872D-6F7E-4FB1-9F66-F4514F62CC79}.Debug|Any CPU.Build.0 = Debug|Any CPU
		{01DD872D-6F7E-4FB1-9F66-F4514F62CC79}.Debug|x64.ActiveCfg = Debug|Any CPU
		{01DD872D-6F7E-4FB1-9F66-F4514F62CC79}.Debug|x64.Build.0 = Debug|Any CPU
		{01DD872D-6F7E-4FB1-9F66-F4514F62CC79}.Release|Any CPU.ActiveCfg = Release|Any CPU
		{01DD872D-6F7E-4FB1-9F66-F4514F62CC79}.Release|Any CPU.Build.0 = Release|Any CPU
		{01DD872D-6F7E-4FB1-9F66-F4514F62CC79}.Release|x64.ActiveCfg = Release|Any CPU
		{01DD872D-6F7E-4FB1-9F66-F4514F62CC79}.Release|x64.Build.0 = Release|Any CPU
		{F9EBF502-C6C6-4793-9F48-6D1DCEF08174}.Debug|Any CPU.ActiveCfg = Debug|Any CPU
		{F9EBF502-C6C6-4793-9F48-6D1DCEF08174}.Debug|Any CPU.Build.0 = Debug|Any CPU
		{F9EBF502-C6C6-4793-9F48-6D1DCEF08174}.Debug|x64.ActiveCfg = Debug|Any CPU
		{F9EBF502-C6C6-4793-9F48-6D1DCEF08174}.Debug|x64.Build.0 = Debug|Any CPU
		{F9EBF502-C6C6-4793-9F48-6D1DCEF08174}.Release|Any CPU.ActiveCfg = Release|Any CPU
		{F9EBF502-C6C6-4793-9F48-6D1DCEF08174}.Release|Any CPU.Build.0 = Release|Any CPU
		{F9EBF502-C6C6-4793-9F48-6D1DCEF08174}.Release|x64.ActiveCfg = Release|Any CPU
		{F9EBF502-C6C6-4793-9F48-6D1DCEF08174}.Release|x64.Build.0 = Release|Any CPU
		{9D19CA0B-B608-4741-A2A8-FCBCFE1C04BC}.Debug|Any CPU.ActiveCfg = Debug|Any CPU
		{9D19CA0B-B608-4741-A2A8-FCBCFE1C04BC}.Debug|Any CPU.Build.0 = Debug|Any CPU
		{9D19CA0B-B608-4741-A2A8-FCBCFE1C04BC}.Debug|x64.ActiveCfg = Debug|Any CPU
		{9D19CA0B-B608-4741-A2A8-FCBCFE1C04BC}.Debug|x64.Build.0 = Debug|Any CPU
		{9D19CA0B-B608-4741-A2A8-FCBCFE1C04BC}.Release|Any CPU.ActiveCfg = Release|Any CPU
		{9D19CA0B-B608-4741-A2A8-FCBCFE1C04BC}.Release|Any CPU.Build.0 = Release|Any CPU
		{9D19CA0B-B608-4741-A2A8-FCBCFE1C04BC}.Release|x64.ActiveCfg = Release|Any CPU
		{9D19CA0B-B608-4741-A2A8-FCBCFE1C04BC}.Release|x64.Build.0 = Release|Any CPU
		{E23C9101-A28E-4635-9F2E-22AE32694B12}.Debug|Any CPU.ActiveCfg = Debug|Any CPU
		{E23C9101-A28E-4635-9F2E-22AE32694B12}.Debug|Any CPU.Build.0 = Debug|Any CPU
		{E23C9101-A28E-4635-9F2E-22AE32694B12}.Debug|x64.ActiveCfg = Debug|Any CPU
		{E23C9101-A28E-4635-9F2E-22AE32694B12}.Debug|x64.Build.0 = Debug|Any CPU
		{E23C9101-A28E-4635-9F2E-22AE32694B12}.Release|Any CPU.ActiveCfg = Release|Any CPU
		{E23C9101-A28E-4635-9F2E-22AE32694B12}.Release|Any CPU.Build.0 = Release|Any CPU
		{E23C9101-A28E-4635-9F2E-22AE32694B12}.Release|x64.ActiveCfg = Release|Any CPU
		{E23C9101-A28E-4635-9F2E-22AE32694B12}.Release|x64.Build.0 = Release|Any CPU
		{4A86E67C-FE0B-4BAA-AF8C-A2F375BFAA6C}.Debug|Any CPU.ActiveCfg = Debug|Any CPU
		{4A86E67C-FE0B-4BAA-AF8C-A2F375BFAA6C}.Debug|Any CPU.Build.0 = Debug|Any CPU
		{4A86E67C-FE0B-4BAA-AF8C-A2F375BFAA6C}.Debug|x64.ActiveCfg = Debug|Any CPU
		{4A86E67C-FE0B-4BAA-AF8C-A2F375BFAA6C}.Debug|x64.Build.0 = Debug|Any CPU
		{4A86E67C-FE0B-4BAA-AF8C-A2F375BFAA6C}.Release|Any CPU.ActiveCfg = Release|Any CPU
		{4A86E67C-FE0B-4BAA-AF8C-A2F375BFAA6C}.Release|Any CPU.Build.0 = Release|Any CPU
		{4A86E67C-FE0B-4BAA-AF8C-A2F375BFAA6C}.Release|x64.ActiveCfg = Release|Any CPU
		{4A86E67C-FE0B-4BAA-AF8C-A2F375BFAA6C}.Release|x64.Build.0 = Release|Any CPU
		{27B89351-EAB7-4395-B548-104F2448358C}.Debug|Any CPU.ActiveCfg = Debug|Any CPU
		{27B89351-EAB7-4395-B548-104F2448358C}.Debug|Any CPU.Build.0 = Debug|Any CPU
		{27B89351-EAB7-4395-B548-104F2448358C}.Debug|x64.ActiveCfg = Debug|Any CPU
		{27B89351-EAB7-4395-B548-104F2448358C}.Debug|x64.Build.0 = Debug|Any CPU
		{27B89351-EAB7-4395-B548-104F2448358C}.Release|Any CPU.ActiveCfg = Release|Any CPU
		{27B89351-EAB7-4395-B548-104F2448358C}.Release|Any CPU.Build.0 = Release|Any CPU
		{27B89351-EAB7-4395-B548-104F2448358C}.Release|x64.ActiveCfg = Release|Any CPU
		{27B89351-EAB7-4395-B548-104F2448358C}.Release|x64.Build.0 = Release|Any CPU
		{66170F57-E607-48DC-9CD0-99E85240561F}.Debug|Any CPU.ActiveCfg = Debug|Any CPU
		{66170F57-E607-48DC-9CD0-99E85240561F}.Debug|Any CPU.Build.0 = Debug|Any CPU
		{66170F57-E607-48DC-9CD0-99E85240561F}.Debug|x64.ActiveCfg = Debug|Any CPU
		{66170F57-E607-48DC-9CD0-99E85240561F}.Debug|x64.Build.0 = Debug|Any CPU
		{66170F57-E607-48DC-9CD0-99E85240561F}.Release|Any CPU.ActiveCfg = Release|Any CPU
		{66170F57-E607-48DC-9CD0-99E85240561F}.Release|Any CPU.Build.0 = Release|Any CPU
		{66170F57-E607-48DC-9CD0-99E85240561F}.Release|x64.ActiveCfg = Release|Any CPU
		{66170F57-E607-48DC-9CD0-99E85240561F}.Release|x64.Build.0 = Release|Any CPU
		{6D2D054D-5805-4C02-95BE-C6D6BA8C36F5}.Debug|Any CPU.ActiveCfg = Debug|Any CPU
		{6D2D054D-5805-4C02-95BE-C6D6BA8C36F5}.Debug|Any CPU.Build.0 = Debug|Any CPU
		{6D2D054D-5805-4C02-95BE-C6D6BA8C36F5}.Debug|x64.ActiveCfg = Debug|Any CPU
		{6D2D054D-5805-4C02-95BE-C6D6BA8C36F5}.Debug|x64.Build.0 = Debug|Any CPU
		{6D2D054D-5805-4C02-95BE-C6D6BA8C36F5}.Release|Any CPU.ActiveCfg = Release|Any CPU
		{6D2D054D-5805-4C02-95BE-C6D6BA8C36F5}.Release|Any CPU.Build.0 = Release|Any CPU
		{6D2D054D-5805-4C02-95BE-C6D6BA8C36F5}.Release|x64.ActiveCfg = Release|Any CPU
		{6D2D054D-5805-4C02-95BE-C6D6BA8C36F5}.Release|x64.Build.0 = Release|Any CPU
		{4A3C1A1E-31DC-481D-B182-4327C35F7729}.Debug|Any CPU.ActiveCfg = Debug|Any CPU
		{4A3C1A1E-31DC-481D-B182-4327C35F7729}.Debug|Any CPU.Build.0 = Debug|Any CPU
		{4A3C1A1E-31DC-481D-B182-4327C35F7729}.Debug|x64.ActiveCfg = Debug|Any CPU
		{4A3C1A1E-31DC-481D-B182-4327C35F7729}.Debug|x64.Build.0 = Debug|Any CPU
		{4A3C1A1E-31DC-481D-B182-4327C35F7729}.Release|Any CPU.ActiveCfg = Release|Any CPU
		{4A3C1A1E-31DC-481D-B182-4327C35F7729}.Release|Any CPU.Build.0 = Release|Any CPU
		{4A3C1A1E-31DC-481D-B182-4327C35F7729}.Release|x64.ActiveCfg = Release|Any CPU
		{4A3C1A1E-31DC-481D-B182-4327C35F7729}.Release|x64.Build.0 = Release|Any CPU
		{F4EF4B7C-1651-43F1-872D-D0B072102E08}.Debug|Any CPU.ActiveCfg = Debug|Any CPU
		{F4EF4B7C-1651-43F1-872D-D0B072102E08}.Debug|Any CPU.Build.0 = Debug|Any CPU
		{F4EF4B7C-1651-43F1-872D-D0B072102E08}.Debug|x64.ActiveCfg = Debug|Any CPU
		{F4EF4B7C-1651-43F1-872D-D0B072102E08}.Debug|x64.Build.0 = Debug|Any CPU
		{F4EF4B7C-1651-43F1-872D-D0B072102E08}.Release|Any CPU.ActiveCfg = Release|Any CPU
		{F4EF4B7C-1651-43F1-872D-D0B072102E08}.Release|Any CPU.Build.0 = Release|Any CPU
		{F4EF4B7C-1651-43F1-872D-D0B072102E08}.Release|x64.ActiveCfg = Release|Any CPU
		{F4EF4B7C-1651-43F1-872D-D0B072102E08}.Release|x64.Build.0 = Release|Any CPU
		{73C6B61D-6AA3-496C-AFEA-5683E403B045}.Debug|Any CPU.ActiveCfg = Debug|Any CPU
		{73C6B61D-6AA3-496C-AFEA-5683E403B045}.Debug|Any CPU.Build.0 = Debug|Any CPU
		{73C6B61D-6AA3-496C-AFEA-5683E403B045}.Debug|x64.ActiveCfg = Debug|Any CPU
		{73C6B61D-6AA3-496C-AFEA-5683E403B045}.Debug|x64.Build.0 = Debug|Any CPU
		{73C6B61D-6AA3-496C-AFEA-5683E403B045}.Release|Any CPU.ActiveCfg = Release|Any CPU
		{73C6B61D-6AA3-496C-AFEA-5683E403B045}.Release|Any CPU.Build.0 = Release|Any CPU
		{73C6B61D-6AA3-496C-AFEA-5683E403B045}.Release|x64.ActiveCfg = Release|Any CPU
		{73C6B61D-6AA3-496C-AFEA-5683E403B045}.Release|x64.Build.0 = Release|Any CPU
		{4473D9BC-DC99-4942-9FE9-1F016F088A31}.Debug|Any CPU.ActiveCfg = Debug|Any CPU
		{4473D9BC-DC99-4942-9FE9-1F016F088A31}.Debug|Any CPU.Build.0 = Debug|Any CPU
		{4473D9BC-DC99-4942-9FE9-1F016F088A31}.Debug|x64.ActiveCfg = Debug|Any CPU
		{4473D9BC-DC99-4942-9FE9-1F016F088A31}.Debug|x64.Build.0 = Debug|Any CPU
		{4473D9BC-DC99-4942-9FE9-1F016F088A31}.Release|Any CPU.ActiveCfg = Release|Any CPU
		{4473D9BC-DC99-4942-9FE9-1F016F088A31}.Release|Any CPU.Build.0 = Release|Any CPU
		{4473D9BC-DC99-4942-9FE9-1F016F088A31}.Release|x64.ActiveCfg = Release|Any CPU
		{4473D9BC-DC99-4942-9FE9-1F016F088A31}.Release|x64.Build.0 = Release|Any CPU
		{2AE6C048-80A8-4D72-AB73-ACD90E0A742B}.Debug|Any CPU.ActiveCfg = Debug|Any CPU
		{2AE6C048-80A8-4D72-AB73-ACD90E0A742B}.Debug|Any CPU.Build.0 = Debug|Any CPU
		{2AE6C048-80A8-4D72-AB73-ACD90E0A742B}.Debug|x64.ActiveCfg = Debug|Any CPU
		{2AE6C048-80A8-4D72-AB73-ACD90E0A742B}.Debug|x64.Build.0 = Debug|Any CPU
		{2AE6C048-80A8-4D72-AB73-ACD90E0A742B}.Release|Any CPU.ActiveCfg = Release|Any CPU
		{2AE6C048-80A8-4D72-AB73-ACD90E0A742B}.Release|Any CPU.Build.0 = Release|Any CPU
		{2AE6C048-80A8-4D72-AB73-ACD90E0A742B}.Release|x64.ActiveCfg = Release|Any CPU
		{2AE6C048-80A8-4D72-AB73-ACD90E0A742B}.Release|x64.Build.0 = Release|Any CPU
		{15D6D499-696F-46CC-A288-05834910D856}.Debug|Any CPU.ActiveCfg = Debug|Any CPU
		{15D6D499-696F-46CC-A288-05834910D856}.Debug|Any CPU.Build.0 = Debug|Any CPU
		{15D6D499-696F-46CC-A288-05834910D856}.Debug|x64.ActiveCfg = Debug|Any CPU
		{15D6D499-696F-46CC-A288-05834910D856}.Debug|x64.Build.0 = Debug|Any CPU
		{15D6D499-696F-46CC-A288-05834910D856}.Release|Any CPU.ActiveCfg = Release|Any CPU
		{15D6D499-696F-46CC-A288-05834910D856}.Release|Any CPU.Build.0 = Release|Any CPU
		{15D6D499-696F-46CC-A288-05834910D856}.Release|x64.ActiveCfg = Release|Any CPU
		{15D6D499-696F-46CC-A288-05834910D856}.Release|x64.Build.0 = Release|Any CPU
		{6DD4A646-6283-4A00-B912-464275671232}.Debug|Any CPU.ActiveCfg = Debug|Any CPU
		{6DD4A646-6283-4A00-B912-464275671232}.Debug|Any CPU.Build.0 = Debug|Any CPU
		{6DD4A646-6283-4A00-B912-464275671232}.Debug|x64.ActiveCfg = Debug|Any CPU
		{6DD4A646-6283-4A00-B912-464275671232}.Debug|x64.Build.0 = Debug|Any CPU
		{6DD4A646-6283-4A00-B912-464275671232}.Release|Any CPU.ActiveCfg = Release|Any CPU
		{6DD4A646-6283-4A00-B912-464275671232}.Release|Any CPU.Build.0 = Release|Any CPU
		{6DD4A646-6283-4A00-B912-464275671232}.Release|x64.ActiveCfg = Release|Any CPU
		{6DD4A646-6283-4A00-B912-464275671232}.Release|x64.Build.0 = Release|Any CPU
	EndGlobalSection
	GlobalSection(SolutionProperties) = preSolution
		HideSolutionNode = FALSE
	EndGlobalSection
	GlobalSection(NestedProjects) = preSolution
		{9D19CA0B-B608-4741-A2A8-FCBCFE1C04BC} = {4FF8CCD3-2DC3-4F53-B467-F63B7712B040}
		{27B89351-EAB7-4395-B548-104F2448358C} = {4FF8CCD3-2DC3-4F53-B467-F63B7712B040}
		{66170F57-E607-48DC-9CD0-99E85240561F} = {4FF8CCD3-2DC3-4F53-B467-F63B7712B040}
		{6D2D054D-5805-4C02-95BE-C6D6BA8C36F5} = {4FF8CCD3-2DC3-4F53-B467-F63B7712B040}
		{4A3C1A1E-31DC-481D-B182-4327C35F7729} = {4FF8CCD3-2DC3-4F53-B467-F63B7712B040}
		{73C6B61D-6AA3-496C-AFEA-5683E403B045} = {4FF8CCD3-2DC3-4F53-B467-F63B7712B040}
		{15D6D499-696F-46CC-A288-05834910D856} = {4FF8CCD3-2DC3-4F53-B467-F63B7712B040}
		{6DD4A646-6283-4A00-B912-464275671232} = {4FF8CCD3-2DC3-4F53-B467-F63B7712B040}
	EndGlobalSection
	GlobalSection(ExtensibilityGlobals) = postSolution
		SolutionGuid = {26AA5B21-FA55-4F15-B8C4-B099839BD897}
	EndGlobalSection
EndGlobal
